
Microsoft Visual Studio Solution File, Format Version 12.00
# Visual Studio Version 16
VisualStudioVersion = 16.0.33801.447
MinimumVisualStudioVersion = 10.0.40219.1
Project("{FAE04EC0-301F-11D3-BF4B-00C04F79EFBC}") = "HTMLsubmission", "HTMLsubmission\HTMLsubmission.csproj", "{FBDBD999-1C4F-427B-8663-F2CEA1970298}"
EndProject
Global
	GlobalSection(SolutionConfigurationPlatforms) = preSolution
		Debug|Any CPU = Debug|Any CPU
		Release|Any CPU = Release|Any CPU
	EndGlobalSection
	GlobalSection(ProjectConfigurationPlatforms) = postSolution
		{FBDBD999-1C4F-427B-8663-F2CEA1970298}.Debug|Any CPU.ActiveCfg = Debug|Any CPU
		{FBDBD999-1C4F-427B-8663-F2CEA1970298}.Debug|Any CPU.Build.0 = Debug|Any CPU
		{FBDBD999-1C4F-427B-8663-F2CEA1970298}.Release|Any CPU.ActiveCfg = Release|Any CPU
		{FBDBD999-1C4F-427B-8663-F2CEA1970298}.Release|Any CPU.Build.0 = Release|Any CPU
	EndGlobalSection
	GlobalSection(SolutionProperties) = preSolution
		HideSolutionNode = FALSE
	EndGlobalSection
	GlobalSection(ExtensibilityGlobals) = postSolution
		SolutionGuid = {E59061F2-23A4-4E0C-9688-22C6B73A58B8}
	EndGlobalSection
EndGlobal
